
Microsoft Visual Studio Solution File, Format Version 12.00
# Visual Studio Version 17
VisualStudioVersion = 17.2.32519.379
MinimumVisualStudioVersion = 10.0.40219.1
Project("{9A19103F-16F7-4668-BE54-9A1E7A4F7556}") = "BartsolutionsWebAPI", "BartsolutionsWebAPI.csproj", "{37A293E1-2A8D-4D25-9905-B73C42E88925}"
EndProject
Global
	GlobalSection(SolutionConfigurationPlatforms) = preSolution
		Debug|Any CPU = Debug|Any CPU
		Release|Any CPU = Release|Any CPU
	EndGlobalSection
	GlobalSection(ProjectConfigurationPlatforms) = postSolution
		{37A293E1-2A8D-4D25-9905-B73C42E88925}.Debug|Any CPU.ActiveCfg = Debug|Any CPU
		{37A293E1-2A8D-4D25-9905-B73C42E88925}.Debug|Any CPU.Build.0 = Debug|Any CPU
		{37A293E1-2A8D-4D25-9905-B73C42E88925}.Release|Any CPU.ActiveCfg = Release|Any CPU
		{37A293E1-2A8D-4D25-9905-B73C42E88925}.Release|Any CPU.Build.0 = Release|Any CPU
	EndGlobalSection
	GlobalSection(SolutionProperties) = preSolution
		HideSolutionNode = FALSE
	EndGlobalSection
	GlobalSection(ExtensibilityGlobals) = postSolution
		SolutionGuid = {1D1213FD-BE8A-496A-94C5-CF909FB67A4F}
	EndGlobalSection
EndGlobal
